
Microsoft Visual Studio Solution File, Format Version 12.00
# Visual Studio Version 17
VisualStudioVersion = 17.3.32929.385
MinimumVisualStudioVersion = 10.0.40219.1
Project("{2150E333-8FDC-42A3-9474-1A3956D46DE8}") = "Backend", "Backend", "{69EFF7D4-D642-45DB-9A3E-CF56B12E62AD}"
EndProject
Project("{2150E333-8FDC-42A3-9474-1A3956D46DE8}") = "Frontend", "Frontend", "{B2A4F3E9-5E67-42FF-B234-E48BB56E0B12}"
EndProject
Project("{2150E333-8FDC-42A3-9474-1A3956D46DE8}") = "Shared", "Shared", "{E53714BD-50BC-4653-8D99-0F7D2E95F0C1}"
EndProject
Project("{FAE04EC0-301F-11D3-BF4B-00C04F79EFBC}") = "DataAccess", "DataAccess\DataAccess.csproj", "{4201C8C9-E69D-4F97-98C5-0C8AC33CE55C}"
EndProject
Project("{FAE04EC0-301F-11D3-BF4B-00C04F79EFBC}") = "WebApi", "WebApi\WebApi.csproj", "{9DD71AB0-056D-41C9-973F-C568C69D488C}"
EndProject
Project("{FAE04EC0-301F-11D3-BF4B-00C04F79EFBC}") = "WindowsApp", "WindowsApp\WindowsApp.csproj", "{4C4A9E89-9F09-48EE-922A-98E00ED34C86}"
EndProject
Project("{FAE04EC0-301F-11D3-BF4B-00C04F79EFBC}") = "Services", "Services\Services.csproj", "{B8E97AF3-0DAD-4D94-9856-472DC9396CE3}"
EndProject
Project("{FAE04EC0-301F-11D3-BF4B-00C04F79EFBC}") = "ViewModel", "ViewModel\ViewModel.csproj", "{C7D2FA1E-DC87-4029-AAF7-F0B95667764F}"
EndProject
Project("{FAE04EC0-301F-11D3-BF4B-00C04F79EFBC}") = "Entities", "Entities\Entities.csproj", "{F171ECBA-E3A7-41C0-A618-16D48F506263}"
EndProject
Global
	GlobalSection(SolutionConfigurationPlatforms) = preSolution
		Debug|Any CPU = Debug|Any CPU
		Release|Any CPU = Release|Any CPU
	EndGlobalSection
	GlobalSection(ProjectConfigurationPlatforms) = postSolution
		{4201C8C9-E69D-4F97-98C5-0C8AC33CE55C}.Debug|Any CPU.ActiveCfg = Debug|Any CPU
		{4201C8C9-E69D-4F97-98C5-0C8AC33CE55C}.Debug|Any CPU.Build.0 = Debug|Any CPU
		{4201C8C9-E69D-4F97-98C5-0C8AC33CE55C}.Release|Any CPU.ActiveCfg = Release|Any CPU
		{4201C8C9-E69D-4F97-98C5-0C8AC33CE55C}.Release|Any CPU.Build.0 = Release|Any CPU
		{9DD71AB0-056D-41C9-973F-C568C69D488C}.Debug|Any CPU.ActiveCfg = Debug|Any CPU
		{9DD71AB0-056D-41C9-973F-C568C69D488C}.Debug|Any CPU.Build.0 = Debug|Any CPU
		{9DD71AB0-056D-41C9-973F-C568C69D488C}.Release|Any CPU.ActiveCfg = Release|Any CPU
		{9DD71AB0-056D-41C9-973F-C568C69D488C}.Release|Any CPU.Build.0 = Release|Any CPU
		{4C4A9E89-9F09-48EE-922A-98E00ED34C86}.Debug|Any CPU.ActiveCfg = Debug|Any CPU
		{4C4A9E89-9F09-48EE-922A-98E00ED34C86}.Debug|Any CPU.Build.0 = Debug|Any CPU
		{4C4A9E89-9F09-48EE-922A-98E00ED34C86}.Debug|Any CPU.Deploy.0 = Debug|Any CPU
		{4C4A9E89-9F09-48EE-922A-98E00ED34C86}.Release|Any CPU.ActiveCfg = Release|Any CPU
		{4C4A9E89-9F09-48EE-922A-98E00ED34C86}.Release|Any CPU.Build.0 = Release|Any CPU
		{4C4A9E89-9F09-48EE-922A-98E00ED34C86}.Release|Any CPU.Deploy.0 = Release|Any CPU
		{B8E97AF3-0DAD-4D94-9856-472DC9396CE3}.Debug|Any CPU.ActiveCfg = Debug|Any CPU
		{B8E97AF3-0DAD-4D94-9856-472DC9396CE3}.Debug|Any CPU.Build.0 = Debug|Any CPU
		{B8E97AF3-0DAD-4D94-9856-472DC9396CE3}.Release|Any CPU.ActiveCfg = Release|Any CPU
		{B8E97AF3-0DAD-4D94-9856-472DC9396CE3}.Release|Any CPU.Build.0 = Release|Any CPU
		{C7D2FA1E-DC87-4029-AAF7-F0B95667764F}.Debug|Any CPU.ActiveCfg = Debug|Any CPU
		{C7D2FA1E-DC87-4029-AAF7-F0B95667764F}.Debug|Any CPU.Build.0 = Debug|Any CPU
		{C7D2FA1E-DC87-4029-AAF7-F0B95667764F}.Release|Any CPU.ActiveCfg = Release|Any CPU
		{C7D2FA1E-DC87-4029-AAF7-F0B95667764F}.Release|Any CPU.Build.0 = Release|Any CPU
		{F171ECBA-E3A7-41C0-A618-16D48F506263}.Debug|Any CPU.ActiveCfg = Debug|Any CPU
		{F171ECBA-E3A7-41C0-A618-16D48F506263}.Debug|Any CPU.Build.0 = Debug|Any CPU
		{F171ECBA-E3A7-41C0-A618-16D48F506263}.Release|Any CPU.ActiveCfg = Release|Any CPU
		{F171ECBA-E3A7-41C0-A618-16D48F506263}.Release|Any CPU.Build.0 = Release|Any CPU
	EndGlobalSection
	GlobalSection(SolutionProperties) = preSolution
		HideSolutionNode = FALSE
	EndGlobalSection
	GlobalSection(NestedProjects) = preSolution
		{4201C8C9-E69D-4F97-98C5-0C8AC33CE55C} = {69EFF7D4-D642-45DB-9A3E-CF56B12E62AD}
		{9DD71AB0-056D-41C9-973F-C568C69D488C} = {69EFF7D4-D642-45DB-9A3E-CF56B12E62AD}
		{4C4A9E89-9F09-48EE-922A-98E00ED34C86} = {B2A4F3E9-5E67-42FF-B234-E48BB56E0B12}
		{B8E97AF3-0DAD-4D94-9856-472DC9396CE3} = {B2A4F3E9-5E67-42FF-B234-E48BB56E0B12}
		{C7D2FA1E-DC87-4029-AAF7-F0B95667764F} = {B2A4F3E9-5E67-42FF-B234-E48BB56E0B12}
		{F171ECBA-E3A7-41C0-A618-16D48F506263} = {E53714BD-50BC-4653-8D99-0F7D2E95F0C1}
	EndGlobalSection
	GlobalSection(ExtensibilityGlobals) = postSolution
		SolutionGuid = {CA6896DF-E80C-4051-9700-2986A3E626B2}
	EndGlobalSection
EndGlobal
